// !$*UTF8*$!
{
	archiveVersion = 1;
	classes = {
	};
	objectVersion = 46;
	objects = {

/* Begin PBXBuildFile section */
		C46CC9971BB39C3D00408334 /* AppDelegate.swift in Sources */ = {isa = PBXBuildFile; fileRef = C46CC9961BB39C3D00408334 /* AppDelegate.swift */; };
		C46CC9991BB39C3D00408334 /* ViewController.swift in Sources */ = {isa = PBXBuildFile; fileRef = C46CC9981BB39C3D00408334 /* ViewController.swift */; };
		C46CC99C1BB39C3D00408334 /* Main.storyboard in Resources */ = {isa = PBXBuildFile; fileRef = C46CC99A1BB39C3D00408334 /* Main.storyboard */; };
		C46CC99E1BB39C3D00408334 /* Assets.xcassets in Resources */ = {isa = PBXBuildFile; fileRef = C46CC99D1BB39C3D00408334 /* Assets.xcassets */; };
		C46CC9A11BB39C3D00408334 /* LaunchScreen.storyboard in Resources */ = {isa = PBXBuildFile; fileRef = C46CC99F1BB39C3D00408334 /* LaunchScreen.storyboard */; };
/* End PBXBuildFile section */

/* Begin PBXFileReference section */
		C46CC9931BB39C3D00408334 /* Calculator.app */ = {isa = PBXFileReference; explicitFileType = wrapper.application; includeInIndex = 0; path = Calculator.app; sourceTree = BUILT_PRODUCTS_DIR; };
		C46CC9961BB39C3D00408334 /* AppDelegate.swift */ = {isa = PBXFileReference; lastKnownFileType = sourcecode.swift; path = AppDelegate.swift; sourceTree = "<group>"; };
		C46CC9981BB39C3D00408334 /* ViewController.swift */ = {isa = PBXFileReference; lastKnownFileType = sourcecode.swift; path = ViewController.swift; sourceTree = "<group>"; };
		C46CC99B1BB39C3D00408334 /* Base */ = {isa = PBXFileReference; lastKnownFileType = file.storyboard; name = Base; path = Base.lproj/Main.storyboard; sourceTree = "<group>"; };
		C46CC99D1BB39C3D00408334 /* Assets.xcassets */ = {isa = PBXFileReference; lastKnownFileType = folder.assetcatalog; path = Assets.xcassets; sourceTree = "<group>"; };
		C46CC9A01BB39C3D00408334 /* Base */ = {isa = PBXFileReference; lastKnownFileType = file.storyboard; name = Base; path = Base.lproj/LaunchScreen.storyboard; sourceTree = "<group>"; };
		C46CC9A21BB39C3D00408334 /* Info.plist */ = {isa = PBXFileReference; lastKnownFileType = text.plist.xml; path = Info.plist; sourceTree = "<group>"; };
/* End PBXFileReference section */

/* Begin PBXFrameworksBuildPhase section */
		C46CC9901BB39C3D00408334 /* Frameworks */ = {
			isa = PBXFrameworksBuildPhase;
			buildActionMask = 2147483647;
			files = (
			);
			runOnlyForDeploymentPostprocessing = 0;
		};
/* End PBXFrameworksBuildPhase section */

/* Begin PBXGroup section */
		C46CC98A1BB39C3D00408334 = {
			isa = PBXGroup;
			children = (
				C46CC9951BB39C3D00408334 /* Calculator */,
				C46CC9941BB39C3D00408334 /* Products */,
			);
			sourceTree = "<group>";
		};
		C46CC9941BB39C3D00408334 /* Products */ = {
			isa = PBXGroup;
			children = (
				C46CC9931BB39C3D00408334 /* Calculator.app */,
			);
			name = Products;
			sourceTree = "<group>";
		};
		C46CC9951BB39C3D00408334 /* Calculator */ = {
			isa = PBXGroup;
			children = (
				C46CC9981BB39C3D00408334 /* ViewController.swift */,
				C46CC99A1BB39C3D00408334 /* Main.storyboard */,
				C46CC9A81BB39C4700408334 /* Supporting Files */,
			);
			path = Calculator;
			sourceTree = "<group>";
		};
		C46CC9A81BB39C4700408334 /* Supporting Files */ = {
			isa = PBXGroup;
			children = (
				C46CC9961BB39C3D00408334 /* AppDelegate.swift */,
				C46CC99D1BB39C3D00408334 /* Assets.xcassets */,
				C46CC99F1BB39C3D00408334 /* LaunchScreen.storyboard */,
				C46CC9A21BB39C3D00408334 /* Info.plist */,
			);
			name = "Supporting Files";
			sourceTree = "<group>";
		};
/* End PBXGroup section */

/* Begin PBXNativeTarget section */
		C46CC9921BB39C3D00408334 /* Calculator */ = {
			isa = PBXNativeTarget;
			buildConfigurationList = C46CC9A51BB39C3D00408334 /* Build configuration list for PBXNativeTarget "Calculator" */;
			buildPhases = (
				C46CC98F1BB39C3D00408334 /* Sources */,
				C46CC9901BB39C3D00408334 /* Frameworks */,
				C46CC9911BB39C3D00408334 /* Resources */,
			);
			buildRules = (
			);
			dependencies = (
			);
			name = Calculator;
			productName = Calculator;
			productReference = C46CC9931BB39C3D00408334 /* Calculator.app */;
			productType = "com.apple.product-type.application";
		};
/* End PBXNativeTarget section */

/* Begin PBXProject section */
		C46CC98B1BB39C3D00408334 /* Project object */ = {
			isa = PBXProject;
			attributes = {
				LastUpgradeCheck = 0700;
				ORGANIZATIONNAME = Jalsemgeest;
				TargetAttributes = {
					C46CC9921BB39C3D00408334 = {
						CreatedOnToolsVersion = 7.0;
					};
				};
			};
			buildConfigurationList = C46CC98E1BB39C3D00408334 /* Build configuration list for PBXProject "Calculator" */;
			compatibilityVersion = "Xcode 3.2";
			developmentRegion = English;
			hasScannedForEncodings = 0;
			knownRegions = (
				en,
				Base,
			);
			mainGroup = C46CC98A1BB39C3D00408334;
			productRefGroup = C46CC9941BB39C3D00408334 /* Products */;
			projectDirPath = "";
			projectRoot = "";
			targets = (
				C46CC9921BB39C3D00408334 /* Calculator */,
			);
		};
/* End PBXProject section */

/* Begin PBXResourcesBuildPhase section */
		C46CC9911BB39C3D00408334 /* Resources */ = {
			isa = PBXResourcesBuildPhase;
			buildActionMask = 2147483647;
			files = (
				C46CC9A11BB39C3D00408334 /* LaunchScreen.storyboard in Resources */,
				C46CC99E1BB39C3D00408334 /* Assets.xcassets in Resources */,
				C46CC99C1BB39C3D00408334 /* Main.storyboard in Resources */,
			);
			runOnlyForDeploymentPostprocessing = 0;
		};
/* End PBXResourcesBuildPhase section */

/* Begin PBXSourcesBuildPhase section */
		C46CC98F1BB39C3D00408334 /* Sources */ = {
			isa = PBXSourcesBuildPhase;
			buildActionMask = 2147483647;
			files = (
				C46CC9991BB39C3D00408334 /* ViewController.swift in Sources */,
				C46CC9971BB39C3D00408334 /* AppDelegate.swift in Sources */,
			);
			runOnlyForDeploymentPostprocessing = 0;
		};
/* End PBXSourcesBuildPhase section */

/* Begin PBXVariantGroup section */
		C46CC99A1BB39C3D00408334 /* Main.storyboard */ = {
			isa = PBXVariantGroup;
			children = (
				C46CC99B1BB39C3D00408334 /* Base */,
			);
			name = Main.storyboard;
			sourceTree = "<group>";
		};
		C46CC99F1BB39C3D00408334 /* LaunchScreen.storyboard */ = {
			isa = PBXVariantGroup;
			children = (
				C46CC9A01BB39C3D00408334 /* Base */,
			);
			name = LaunchScreen.storyboard;
			sourceTree = "<group>";
		};
/* End PBXVariantGroup section */

/* Begin XCBuildConfiguration section */
		C46CC9A31BB39C3D00408334 /* Debug */ = {
			isa = XCBuildConfiguration;
			buildSettings = {
				ALWAYS_SEARCH_USER_PATHS = NO;
				CLANG_CXX_LANGUAGE_STANDARD = "gnu++0x";
				CLANG_CXX_LIBRARY = "libc++";
				CLANG_ENABLE_MODULES = YES;
				CLANG_ENABLE_OBJC_ARC = YES;
				CLANG_WARN_BOOL_CONVERSION = YES;
				CLANG_WARN_CONSTANT_CONVERSION = YES;
				CLANG_WARN_DIRECT_OBJC_ISA_USAGE = YES_ERROR;
				CLANG_WARN_EMPTY_BODY = YES;
				CLANG_WARN_ENUM_CONVERSION = YES;
				CLANG_WARN_INT_CONVERSION = YES;
				CLANG_WARN_OBJC_ROOT_CLASS = YES_ERROR;
				CLANG_WARN_UNREACHABLE_CODE = YES;
				CLANG_WARN__DUPLICATE_METHOD_MATCH = YES;
				"CODE_SIGN_IDENTITY[sdk=iphoneos*]" = "iPhone Developer";
				COPY_PHASE_STRIP = NO;
				DEBUG_INFORMATION_FORMAT = dwarf;
				ENABLE_STRICT_OBJC_MSGSEND = YES;
				ENABLE_TESTABILITY = YES;
				GCC_C_LANGUAGE_STANDARD = gnu99;
				GCC_DYNAMIC_NO_PIC = NO;
				GCC_NO_COMMON_BLOCKS = YES;
				GCC_OPTIMIZATION_LEVEL = 0;
				GCC_PREPROCESSOR_DEFINITIONS = (
					"DEBUG=1",
					"$(inherited)",
				);
				GCC_WARN_64_TO_32_BIT_CONVERSION = YES;
				GCC_WARN_ABOUT_RETURN_TYPE = YES_ERROR;
				GCC_WARN_UNDECLARED_SELECTOR = YES;
				GCC_WARN_UNINITIALIZED_AUTOS = YES_AGGRESSIVE;
				GCC_WARN_UNUSED_FUNCTION = YES;
				GCC_WARN_UNUSED_VARIABLE = YES;
				IPHONEOS_DEPLOYMENT_TARGET = 9.0;
				MTL_ENABLE_DEBUG_INFO = YES;
				ONLY_ACTIVE_ARCH = YES;
				SDKROOT = iphoneos;
				SWIFT_OPTIMIZATION_LEVEL = "-Onone";
				TARGETED_DEVICE_FAMILY = "1,2";
			};
			name = Debug;
		};
		C46CC9A41BB39C3D00408334 /* Release */ = {
			isa = XCBuildConfiguration;
			buildSettings = {
				ALWAYS_SEARCH_USER_PATHS = NO;
				CLANG_CXX_LANGUAGE_STANDARD = "gnu++0x";
				CLANG_CXX_LIBRARY = "libc++";
				CLANG_ENABLE_MODULES = YES;
				CLANG_ENABLE_OBJC_ARC = YES;
				CLANG_WARN_BOOL_CONVERSION = YES;
				CLANG_WARN_CONSTANT_CONVERSION = YES;
				CLANG_WARN_DIRECT_OBJC_ISA_USAGE = YES_ERROR;
				CLANG_WARN_EMPTY_BODY = YES;
				CLANG_WARN_ENUM_CONVERSION = YES;
				CLANG_WARN_INT_CONVERSION = YES;
				CLANG_WARN_OBJC_ROOT_CLASS = YES_ERROR;
				CLANG_WARN_UNREACHABLE_CODE = YES;
				CLANG_WARN__DUPLICATE_METHOD_MATCH = YES;
				"CODE_SIGN_IDENTITY[sdk=iphoneos*]" = "iPhone Developer";
				COPY_PHASE_STRIP = NO;
				DEBUG_INFORMATION_FORMAT = "dwarf-with-dsym";
				ENABLE_NS_ASSERTIONS = NO;
				ENABLE_STRICT_OBJC_MSGSEND = YES;
				GCC_C_LANGUAGE_STANDARD = gnu99;
				GCC_NO_COMMON_BLOCKS = YES;
				GCC_WARN_64_TO_32_BIT_CONVERSION = YES;
				GCC_WARN_ABOUT_RETURN_TYPE = YES_ERROR;
				GCC_WARN_UNDECLARED_SELECTOR = YES;
				GCC_WARN_UNINITIALIZED_AUTOS = YES_AGGRESSIVE;
				GCC_WARN_UNUSED_FUNCTION = YES;
				GCC_WARN_UNUSED_VARIABLE = YES;
				IPHONEOS_DEPLOYMENT_TARGET = 9.0;
				MTL_ENABLE_DEBUG_INFO = NO;
				SDKROOT = iphoneos;
				TARGETED_DEVICE_FAMILY = "1,2";
				VALIDATE_PRODUCT = YES;
			};
			name = Release;
		};
		C46CC9A61BB39C3D00408334 /* Debug */ = {
			isa = XCBuildConfiguration;
			buildSettings = {
				ASSETCATALOG_COMPILER_APPICON_NAME = AppIcon;
				INFOPLIST_FILE = Calculator/Info.plist;
				LD_RUNPATH_SEARCH_PATHS = "$(inherited) @executable_path/Frameworks";
				PRODUCT_BUNDLE_IDENTIFIER = com.jalsemgeest.Calculator;
				PRODUCT_NAME = "$(TARGET_NAME)";
			};
			name = Debug;
		};
		C46CC9A71BB39C3D00408334 /* Release */ = {
			isa = XCBuildConfiguration;
			buildSettings = {
				ASSETCATALOG_COMPILER_APPICON_NAME = AppIcon;
				INFOPLIST_FILE = Calculator/Info.plist;
				LD_RUNPATH_SEARCH_PATHS = "$(inherited) @executable_path/Frameworks";
				PRODUCT_BUNDLE_IDENTIFIER = com.jalsemgeest.Calculator;
				PRODUCT_NAME = "$(TARGET_NAME)";
			};
			name = Release;
		};
/* End XCBuildConfiguration section */

/* Begin XCConfigurationList section */
		C46CC98E1BB39C3D00408334 /* Build configuration list for PBXProject "Calculator" */ = {
			isa = XCConfigurationList;
			buildConfigurations = (
				C46CC9A31BB39C3D00408334 /* Debug */,
				C46CC9A41BB39C3D00408334 /* Release */,
			);
			defaultConfigurationIsVisible = 0;
			defaultConfigurationName = Release;
		};
		C46CC9A51BB39C3D00408334 /* Build configuration list for PBXNativeTarget "Calculator" */ = {
			isa = XCConfigurationList;
			buildConfigurations = (
				C46CC9A61BB39C3D00408334 /* Debug */,
				C46CC9A71BB39C3D00408334 /* Release */,
			);
			defaultConfigurationIsVisible = 0;
		};
/* End XCConfigurationList section */
	};
	rootObject = C46CC98B1BB39C3D00408334 /* Project object */;
}
